
Microsoft Visual Studio Solution File, Format Version 12.00
# Visual Studio Version 17
VisualStudioVersion = 17.6.33723.286
MinimumVisualStudioVersion = 10.0.40219.1
Project("{FAE04EC0-301F-11D3-BF4B-00C04F79EFBC}") = "proyecto", "proyecto\proyecto.csproj", "{9E257B64-E3EE-4FC0-834A-4B90A34E0E2B}"
EndProject
Global
	GlobalSection(SolutionConfigurationPlatforms) = preSolution
		Debug|Any CPU = Debug|Any CPU
		Release|Any CPU = Release|Any CPU
	EndGlobalSection
	GlobalSection(ProjectConfigurationPlatforms) = postSolution
		{9E257B64-E3EE-4FC0-834A-4B90A34E0E2B}.Debug|Any CPU.ActiveCfg = Debug|Any CPU
		{9E257B64-E3EE-4FC0-834A-4B90A34E0E2B}.Debug|Any CPU.Build.0 = Debug|Any CPU
		{9E257B64-E3EE-4FC0-834A-4B90A34E0E2B}.Release|Any CPU.ActiveCfg = Release|Any CPU
		{9E257B64-E3EE-4FC0-834A-4B90A34E0E2B}.Release|Any CPU.Build.0 = Release|Any CPU
	EndGlobalSection
	GlobalSection(SolutionProperties) = preSolution
		HideSolutionNode = FALSE
	EndGlobalSection
	GlobalSection(ExtensibilityGlobals) = postSolution
		SolutionGuid = {AB6CF99F-F86C-44DE-9211-3489434826D9}
	EndGlobalSection
EndGlobal
